
Microsoft Visual Studio Solution File, Format Version 12.00
# Visual Studio Version 16
VisualStudioVersion = 16.0.31313.79
MinimumVisualStudioVersion = 10.0.40219.1
Project("{FAE04EC0-301F-11D3-BF4B-00C04F79EFBC}") = "Client", "Client.csproj", "{0715817F-619B-4531-9E7C-73761BEC6391}"
EndProject
Global
	GlobalSection(SolutionConfigurationPlatforms) = preSolution
		Debug|Any CPU = Debug|Any CPU
		Release|Any CPU = Release|Any CPU
	EndGlobalSection
	GlobalSection(ProjectConfigurationPlatforms) = postSolution
		{0715817F-619B-4531-9E7C-73761BEC6391}.Debug|Any CPU.ActiveCfg = Debug|Any CPU
		{0715817F-619B-4531-9E7C-73761BEC6391}.Debug|Any CPU.Build.0 = Debug|Any CPU
		{0715817F-619B-4531-9E7C-73761BEC6391}.Release|Any CPU.ActiveCfg = Release|Any CPU
		{0715817F-619B-4531-9E7C-73761BEC6391}.Release|Any CPU.Build.0 = Release|Any CPU
	EndGlobalSection
	GlobalSection(SolutionProperties) = preSolution
		HideSolutionNode = FALSE
	EndGlobalSection
	GlobalSection(ExtensibilityGlobals) = postSolution
		SolutionGuid = {ABE3744E-C3DD-46AA-B2F7-FE858BEEDE0A}
	EndGlobalSection
EndGlobal
